
Microsoft Visual Studio Solution File, Format Version 12.00
# Visual Studio Version 17
VisualStudioVersion = 17.11.35219.272
MinimumVisualStudioVersion = 10.0.40219.1
Project("{FAE04EC0-301F-11D3-BF4B-00C04F79EFBC}") = "PagosTc", "PagosTc\PagosTc.csproj", "{EB6E69F2-9EFE-4890-8516-2AF42D63E11F}"
EndProject
Global
	GlobalSection(SolutionConfigurationPlatforms) = preSolution
		Debug|Any CPU = Debug|Any CPU
		Release|Any CPU = Release|Any CPU
	EndGlobalSection
	GlobalSection(ProjectConfigurationPlatforms) = postSolution
		{EB6E69F2-9EFE-4890-8516-2AF42D63E11F}.Debug|Any CPU.ActiveCfg = Debug|Any CPU
		{EB6E69F2-9EFE-4890-8516-2AF42D63E11F}.Debug|Any CPU.Build.0 = Debug|Any CPU
		{EB6E69F2-9EFE-4890-8516-2AF42D63E11F}.Release|Any CPU.ActiveCfg = Release|Any CPU
		{EB6E69F2-9EFE-4890-8516-2AF42D63E11F}.Release|Any CPU.Build.0 = Release|Any CPU
	EndGlobalSection
	GlobalSection(SolutionProperties) = preSolution
		HideSolutionNode = FALSE
	EndGlobalSection
	GlobalSection(ExtensibilityGlobals) = postSolution
		SolutionGuid = {F7CB9B9F-94F5-45CD-86C5-ACCA44604467}
	EndGlobalSection
EndGlobal
